
Microsoft Visual Studio Solution File, Format Version 12.00
# Visual Studio Version 17
VisualStudioVersion = 17.6.33829.357
MinimumVisualStudioVersion = 10.0.40219.1
Project("{FAE04EC0-301F-11D3-BF4B-00C04F79EFBC}") = "Operadores logicos", "Operadores logicos\Operadores logicos.csproj", "{C7EA1AF1-077D-4039-8515-5BA3E348E489}"
EndProject
Global
	GlobalSection(SolutionConfigurationPlatforms) = preSolution
		Debug|Any CPU = Debug|Any CPU
		Release|Any CPU = Release|Any CPU
	EndGlobalSection
	GlobalSection(ProjectConfigurationPlatforms) = postSolution
		{C7EA1AF1-077D-4039-8515-5BA3E348E489}.Debug|Any CPU.ActiveCfg = Debug|Any CPU
		{C7EA1AF1-077D-4039-8515-5BA3E348E489}.Debug|Any CPU.Build.0 = Debug|Any CPU
		{C7EA1AF1-077D-4039-8515-5BA3E348E489}.Release|Any CPU.ActiveCfg = Release|Any CPU
		{C7EA1AF1-077D-4039-8515-5BA3E348E489}.Release|Any CPU.Build.0 = Release|Any CPU
	EndGlobalSection
	GlobalSection(SolutionProperties) = preSolution
		HideSolutionNode = FALSE
	EndGlobalSection
	GlobalSection(ExtensibilityGlobals) = postSolution
		SolutionGuid = {8675C3F8-54CE-4C49-9575-12AA4A923542}
	EndGlobalSection
EndGlobal
